// !$*UTF8*$!
{
	archiveVersion = 1;
	classes = {
	};
	objectVersion = 46;
	objects = {

/* Begin PBXBuildFile section */
		2356FA778F096AE240A28FE0 /* Pods_ReactiveCocoa.framework in Frameworks */ = {isa = PBXBuildFile; fileRef = B9FD695E885F525808F8A0F7 /* Pods_ReactiveCocoa.framework */; };
		B62013D41D59F10F0099DC8A /* main.m in Sources */ = {isa = PBXBuildFile; fileRef = B62013D31D59F10F0099DC8A /* main.m */; };
		B62013D71D59F10F0099DC8A /* AppDelegate.m in Sources */ = {isa = PBXBuildFile; fileRef = B62013D61D59F10F0099DC8A /* AppDelegate.m */; };
		B62013DA1D59F10F0099DC8A /* ViewController.m in Sources */ = {isa = PBXBuildFile; fileRef = B62013D91D59F10F0099DC8A /* ViewController.m */; };
		B62013DD1D59F10F0099DC8A /* Main.storyboard in Resources */ = {isa = PBXBuildFile; fileRef = B62013DB1D59F10F0099DC8A /* Main.storyboard */; };
		B62013DF1D59F10F0099DC8A /* Assets.xcassets in Resources */ = {isa = PBXBuildFile; fileRef = B62013DE1D59F10F0099DC8A /* Assets.xcassets */; };
		B62013E21D59F10F0099DC8A /* LaunchScreen.storyboard in Resources */ = {isa = PBXBuildFile; fileRef = B62013E01D59F10F0099DC8A /* LaunchScreen.storyboard */; };
/* End PBXBuildFile section */

/* Begin PBXFileReference section */
		7C36C8E74325AEAB46B50CAB /* Pods.framework */ = {isa = PBXFileReference; explicitFileType = wrapper.framework; includeInIndex = 0; path = Pods.framework; sourceTree = BUILT_PRODUCTS_DIR; };
		9E4EB34F2A6CE73673B2C57B /* Pods-ReactiveCocoa.debug.xcconfig */ = {isa = PBXFileReference; includeInIndex = 1; lastKnownFileType = text.xcconfig; name = "Pods-ReactiveCocoa.debug.xcconfig"; path = "Pods/Target Support Files/Pods-ReactiveCocoa/Pods-ReactiveCocoa.debug.xcconfig"; sourceTree = "<group>"; };
		B62013CF1D59F10F0099DC8A /* ReactiveCocoa.app */ = {isa = PBXFileReference; explicitFileType = wrapper.application; includeInIndex = 0; path = ReactiveCocoa.app; sourceTree = BUILT_PRODUCTS_DIR; };
		B62013D31D59F10F0099DC8A /* main.m */ = {isa = PBXFileReference; lastKnownFileType = sourcecode.c.objc; path = main.m; sourceTree = "<group>"; };
		B62013D51D59F10F0099DC8A /* AppDelegate.h */ = {isa = PBXFileReference; lastKnownFileType = sourcecode.c.h; path = AppDelegate.h; sourceTree = "<group>"; };
		B62013D61D59F10F0099DC8A /* AppDelegate.m */ = {isa = PBXFileReference; lastKnownFileType = sourcecode.c.objc; path = AppDelegate.m; sourceTree = "<group>"; };
		B62013D81D59F10F0099DC8A /* ViewController.h */ = {isa = PBXFileReference; lastKnownFileType = sourcecode.c.h; path = ViewController.h; sourceTree = "<group>"; };
		B62013D91D59F10F0099DC8A /* ViewController.m */ = {isa = PBXFileReference; lastKnownFileType = sourcecode.c.objc; path = ViewController.m; sourceTree = "<group>"; };
		B62013DC1D59F10F0099DC8A /* Base */ = {isa = PBXFileReference; lastKnownFileType = file.storyboard; name = Base; path = Base.lproj/Main.storyboard; sourceTree = "<group>"; };
		B62013DE1D59F10F0099DC8A /* Assets.xcassets */ = {isa = PBXFileReference; lastKnownFileType = folder.assetcatalog; path = Assets.xcassets; sourceTree = "<group>"; };
		B62013E11D59F10F0099DC8A /* Base */ = {isa = PBXFileReference; lastKnownFileType = file.storyboard; name = Base; path = Base.lproj/LaunchScreen.storyboard; sourceTree = "<group>"; };
		B62013E31D59F10F0099DC8A /* Info.plist */ = {isa = PBXFileReference; lastKnownFileType = text.plist.xml; path = Info.plist; sourceTree = "<group>"; };
		B9FD695E885F525808F8A0F7 /* Pods_ReactiveCocoa.framework */ = {isa = PBXFileReference; explicitFileType = wrapper.framework; includeInIndex = 0; path = Pods_ReactiveCocoa.framework; sourceTree = BUILT_PRODUCTS_DIR; };
		C6D17361AB8E9C38D778C11A /* Pods-ReactiveCocoa.release.xcconfig */ = {isa = PBXFileReference; includeInIndex = 1; lastKnownFileType = text.xcconfig; name = "Pods-ReactiveCocoa.release.xcconfig"; path = "Pods/Target Support Files/Pods-ReactiveCocoa/Pods-ReactiveCocoa.release.xcconfig"; sourceTree = "<group>"; };
/* End PBXFileReference section */

/* Begin PBXFrameworksBuildPhase section */
		B62013CC1D59F10F0099DC8A /* Frameworks */ = {
			isa = PBXFrameworksBuildPhase;
			buildActionMask = 2147483647;
			files = (
				2356FA778F096AE240A28FE0 /* Pods_ReactiveCocoa.framework in Frameworks */,
			);
			runOnlyForDeploymentPostprocessing = 0;
		};
/* End PBXFrameworksBuildPhase section */

/* Begin PBXGroup section */
		0FA517C00A592A5CAB8E6448 /* Frameworks */ = {
			isa = PBXGroup;
			children = (
				7C36C8E74325AEAB46B50CAB /* Pods.framework */,
				B9FD695E885F525808F8A0F7 /* Pods_ReactiveCocoa.framework */,
			);
			name = Frameworks;
			sourceTree = "<group>";
		};
		2EC19787FDA202F0CC6BF78F /* Pods */ = {
			isa = PBXGroup;
			children = (
				9E4EB34F2A6CE73673B2C57B /* Pods-ReactiveCocoa.debug.xcconfig */,
				C6D17361AB8E9C38D778C11A /* Pods-ReactiveCocoa.release.xcconfig */,
			);
			name = Pods;
			sourceTree = "<group>";
		};
		B62013C61D59F10F0099DC8A = {
			isa = PBXGroup;
			children = (
				B62013D11D59F10F0099DC8A /* ReactiveCocoa */,
				B62013D01D59F10F0099DC8A /* Products */,
				0FA517C00A592A5CAB8E6448 /* Frameworks */,
				2EC19787FDA202F0CC6BF78F /* Pods */,
			);
			sourceTree = "<group>";
		};
		B62013D01D59F10F0099DC8A /* Products */ = {
			isa = PBXGroup;
			children = (
				B62013CF1D59F10F0099DC8A /* ReactiveCocoa.app */,
			);
			name = Products;
			sourceTree = "<group>";
		};
		B62013D11D59F10F0099DC8A /* ReactiveCocoa */ = {
			isa = PBXGroup;
			children = (
				B62013D51D59F10F0099DC8A /* AppDelegate.h */,
				B62013D61D59F10F0099DC8A /* AppDelegate.m */,
				B62013D81D59F10F0099DC8A /* ViewController.h */,
				B62013D91D59F10F0099DC8A /* ViewController.m */,
				B62013DB1D59F10F0099DC8A /* Main.storyboard */,
				B62013DE1D59F10F0099DC8A /* Assets.xcassets */,
				B62013E01D59F10F0099DC8A /* LaunchScreen.storyboard */,
				B62013E31D59F10F0099DC8A /* Info.plist */,
				B62013D21D59F10F0099DC8A /* Supporting Files */,
			);
			path = ReactiveCocoa;
			sourceTree = "<group>";
		};
		B62013D21D59F10F0099DC8A /* Supporting Files */ = {
			isa = PBXGroup;
			children = (
				B62013D31D59F10F0099DC8A /* main.m */,
			);
			name = "Supporting Files";
			sourceTree = "<group>";
		};
/* End PBXGroup section */

/* Begin PBXNativeTarget section */
		B62013CE1D59F10F0099DC8A /* ReactiveCocoa */ = {
			isa = PBXNativeTarget;
			buildConfigurationList = B62013E61D59F10F0099DC8A /* Build configuration list for PBXNativeTarget "ReactiveCocoa" */;
			buildPhases = (
				6ABC37B1977D27BE866140FA /* [CP] Check Pods Manifest.lock */,
				B62013CB1D59F10F0099DC8A /* Sources */,
				B62013CC1D59F10F0099DC8A /* Frameworks */,
				B62013CD1D59F10F0099DC8A /* Resources */,
				E9B55CDFAFA9BA9CA98C0C68 /* [CP] Embed Pods Frameworks */,
				D5A01942DD0EA3CA37FB0316 /* [CP] Copy Pods Resources */,
			);
			buildRules = (
			);
			dependencies = (
			);
			name = ReactiveCocoa;
			productName = ReactiveCocoa;
			productReference = B62013CF1D59F10F0099DC8A /* ReactiveCocoa.app */;
			productType = "com.apple.product-type.application";
		};
/* End PBXNativeTarget section */

/* Begin PBXProject section */
		B62013C71D59F10F0099DC8A /* Project object */ = {
			isa = PBXProject;
			attributes = {
				LastUpgradeCheck = 0730;
				ORGANIZATIONNAME = Du_work;
				TargetAttributes = {
					B62013CE1D59F10F0099DC8A = {
						CreatedOnToolsVersion = 7.3.1;
					};
				};
			};
			buildConfigurationList = B62013CA1D59F10F0099DC8A /* Build configuration list for PBXProject "ReactiveCocoa" */;
			compatibilityVersion = "Xcode 3.2";
			developmentRegion = English;
			hasScannedForEncodings = 0;
			knownRegions = (
				en,
				Base,
			);
			mainGroup = B62013C61D59F10F0099DC8A;
			productRefGroup = B62013D01D59F10F0099DC8A /* Products */;
			projectDirPath = "";
			projectRoot = "";
			targets = (
				B62013CE1D59F10F0099DC8A /* ReactiveCocoa */,
			);
		};
/* End PBXProject section */

/* Begin PBXResourcesBuildPhase section */
		B62013CD1D59F10F0099DC8A /* Resources */ = {
			isa = PBXResourcesBuildPhase;
			buildActionMask = 2147483647;
			files = (
				B62013E21D59F10F0099DC8A /* LaunchScreen.storyboard in Resources */,
				B62013DF1D59F10F0099DC8A /* Assets.xcassets in Resources */,
				B62013DD1D59F10F0099DC8A /* Main.storyboard in Resources */,
			);
			runOnlyForDeploymentPostprocessing = 0;
		};
/* End PBXResourcesBuildPhase section */

/* Begin PBXShellScriptBuildPhase section */
		6ABC37B1977D27BE866140FA /* [CP] Check Pods Manifest.lock */ = {
			isa = PBXShellScriptBuildPhase;
			buildActionMask = 2147483647;
			files = (
			);
			inputPaths = (
			);
			name = "[CP] Check Pods Manifest.lock";
			outputPaths = (
			);
			runOnlyForDeploymentPostprocessing = 0;
			shellPath = /bin/sh;
			shellScript = "diff \"${PODS_ROOT}/../Podfile.lock\" \"${PODS_ROOT}/Manifest.lock\" > /dev/null\nif [[ $? != 0 ]] ; then\n    cat << EOM\nerror: The sandbox is not in sync with the Podfile.lock. Run 'pod install' or update your CocoaPods installation.\nEOM\n    exit 1\nfi\n";
			showEnvVarsInLog = 0;
		};
		D5A01942DD0EA3CA37FB0316 /* [CP] Copy Pods Resources */ = {
			isa = PBXShellScriptBuildPhase;
			buildActionMask = 2147483647;
			files = (
			);
			inputPaths = (
			);
			name = "[CP] Copy Pods Resources";
			outputPaths = (
			);
			runOnlyForDeploymentPostprocessing = 0;
			shellPath = /bin/sh;
			shellScript = "\"${SRCROOT}/Pods/Target Support Files/Pods-ReactiveCocoa/Pods-ReactiveCocoa-resources.sh\"\n";
			showEnvVarsInLog = 0;
		};
		E9B55CDFAFA9BA9CA98C0C68 /* [CP] Embed Pods Frameworks */ = {
			isa = PBXShellScriptBuildPhase;
			buildActionMask = 2147483647;
			files = (
			);
			inputPaths = (
			);
			name = "[CP] Embed Pods Frameworks";
			outputPaths = (
			);
			runOnlyForDeploymentPostprocessing = 0;
			shellPath = /bin/sh;
			shellScript = "\"${SRCROOT}/Pods/Target Support Files/Pods-ReactiveCocoa/Pods-ReactiveCocoa-frameworks.sh\"\n";
			showEnvVarsInLog = 0;
		};
/* End PBXShellScriptBuildPhase section */

/* Begin PBXSourcesBuildPhase section */
		B62013CB1D59F10F0099DC8A /* Sources */ = {
			isa = PBXSourcesBuildPhase;
			buildActionMask = 2147483647;
			files = (
				B62013DA1D59F10F0099DC8A /* ViewController.m in Sources */,
				B62013D71D59F10F0099DC8A /* AppDelegate.m in Sources */,
				B62013D41D59F10F0099DC8A /* main.m in Sources */,
			);
			runOnlyForDeploymentPostprocessing = 0;
		};
/* End PBXSourcesBuildPhase section */

/* Begin PBXVariantGroup section */
		B62013DB1D59F10F0099DC8A /* Main.storyboard */ = {
			isa = PBXVariantGroup;
			children = (
				B62013DC1D59F10F0099DC8A /* Base */,
			);
			name = Main.storyboard;
			sourceTree = "<group>";
		};
		B62013E01D59F10F0099DC8A /* LaunchScreen.storyboard */ = {
			isa = PBXVariantGroup;
			children = (
				B62013E11D59F10F0099DC8A /* Base */,
			);
			name = LaunchScreen.storyboard;
			sourceTree = "<group>";
		};
/* End PBXVariantGroup section */

/* Begin XCBuildConfiguration section */
		B62013E41D59F10F0099DC8A /* Debug */ = {
			isa = XCBuildConfiguration;
			buildSettings = {
				ALWAYS_SEARCH_USER_PATHS = NO;
				CLANG_ANALYZER_NONNULL = YES;
				CLANG_CXX_LANGUAGE_STANDARD = "gnu++0x";
				CLANG_CXX_LIBRARY = "libc++";
				CLANG_ENABLE_MODULES = YES;
				CLANG_ENABLE_OBJC_ARC = YES;
				CLANG_WARN_BOOL_CONVERSION = YES;
				CLANG_WARN_CONSTANT_CONVERSION = YES;
				CLANG_WARN_DIRECT_OBJC_ISA_USAGE = YES_ERROR;
				CLANG_WARN_EMPTY_BODY = YES;
				CLANG_WARN_ENUM_CONVERSION = YES;
				CLANG_WARN_INT_CONVERSION = YES;
				CLANG_WARN_OBJC_ROOT_CLASS = YES_ERROR;
				CLANG_WARN_UNREACHABLE_CODE = YES;
				CLANG_WARN__DUPLICATE_METHOD_MATCH = YES;
				"CODE_SIGN_IDENTITY[sdk=iphoneos*]" = "iPhone Developer";
				COPY_PHASE_STRIP = NO;
				DEBUG_INFORMATION_FORMAT = dwarf;
				ENABLE_STRICT_OBJC_MSGSEND = YES;
				ENABLE_TESTABILITY = YES;
				GCC_C_LANGUAGE_STANDARD = gnu99;
				GCC_DYNAMIC_NO_PIC = NO;
				GCC_NO_COMMON_BLOCKS = YES;
				GCC_OPTIMIZATION_LEVEL = 0;
				GCC_PREPROCESSOR_DEFINITIONS = (
					"DEBUG=1",
					"$(inherited)",
				);
				GCC_WARN_64_TO_32_BIT_CONVERSION = YES;
				GCC_WARN_ABOUT_RETURN_TYPE = YES_ERROR;
				GCC_WARN_UNDECLARED_SELECTOR = YES;
				GCC_WARN_UNINITIALIZED_AUTOS = YES_AGGRESSIVE;
				GCC_WARN_UNUSED_FUNCTION = YES;
				GCC_WARN_UNUSED_VARIABLE = YES;
				IPHONEOS_DEPLOYMENT_TARGET = 9.3;
				MTL_ENABLE_DEBUG_INFO = YES;
				ONLY_ACTIVE_ARCH = YES;
				SDKROOT = iphoneos;
				TARGETED_DEVICE_FAMILY = "1,2";
			};
			name = Debug;
		};
		B62013E51D59F10F0099DC8A /* Release */ = {
			isa = XCBuildConfiguration;
			buildSettings = {
				ALWAYS_SEARCH_USER_PATHS = NO;
				CLANG_ANALYZER_NONNULL = YES;
				CLANG_CXX_LANGUAGE_STANDARD = "gnu++0x";
				CLANG_CXX_LIBRARY = "libc++";
				CLANG_ENABLE_MODULES = YES;
				CLANG_ENABLE_OBJC_ARC = YES;
				CLANG_WARN_BOOL_CONVERSION = YES;
				CLANG_WARN_CONSTANT_CONVERSION = YES;
				CLANG_WARN_DIRECT_OBJC_ISA_USAGE = YES_ERROR;
				CLANG_WARN_EMPTY_BODY = YES;
				CLANG_WARN_ENUM_CONVERSION = YES;
				CLANG_WARN_INT_CONVERSION = YES;
				CLANG_WARN_OBJC_ROOT_CLASS = YES_ERROR;
				CLANG_WARN_UNREACHABLE_CODE = YES;
				CLANG_WARN__DUPLICATE_METHOD_MATCH = YES;
				"CODE_SIGN_IDENTITY[sdk=iphoneos*]" = "iPhone Developer";
				COPY_PHASE_STRIP = NO;
				DEBUG_INFORMATION_FORMAT = "dwarf-with-dsym";
				ENABLE_NS_ASSERTIONS = NO;
				ENABLE_STRICT_OBJC_MSGSEND = YES;
				GCC_C_LANGUAGE_STANDARD = gnu99;
				GCC_NO_COMMON_BLOCKS = YES;
				GCC_WARN_64_TO_32_BIT_CONVERSION = YES;
				GCC_WARN_ABOUT_RETURN_TYPE = YES_ERROR;
				GCC_WARN_UNDECLARED_SELECTOR = YES;
				GCC_WARN_UNINITIALIZED_AUTOS = YES_AGGRESSIVE;
				GCC_WARN_UNUSED_FUNCTION = YES;
				GCC_WARN_UNUSED_VARIABLE = YES;
				IPHONEOS_DEPLOYMENT_TARGET = 9.3;
				MTL_ENABLE_DEBUG_INFO = NO;
				SDKROOT = iphoneos;
				TARGETED_DEVICE_FAMILY = "1,2";
				VALIDATE_PRODUCT = YES;
			};
			name = Release;
		};
		B62013E71D59F10F0099DC8A /* Debug */ = {
			isa = XCBuildConfiguration;
			baseConfigurationReference = 9E4EB34F2A6CE73673B2C57B /* Pods-ReactiveCocoa.debug.xcconfig */;
			buildSettings = {
				ASSETCATALOG_COMPILER_APPICON_NAME = AppIcon;
				INFOPLIST_FILE = ReactiveCocoa/Info.plist;
				LD_RUNPATH_SEARCH_PATHS = "$(inherited) @executable_path/Frameworks";
				PRODUCT_BUNDLE_IDENTIFIER = xijiajiaoyu.ReactiveCocoa;
				PRODUCT_NAME = "$(TARGET_NAME)";
				USER_HEADER_SEARCH_PATHS = "$(PODS_ROOT)/**";
			};
			name = Debug;
		};
		B62013E81D59F10F0099DC8A /* Release */ = {
			isa = XCBuildConfiguration;
			baseConfigurationReference = C6D17361AB8E9C38D778C11A /* Pods-ReactiveCocoa.release.xcconfig */;
			buildSettings = {
				ASSETCATALOG_COMPILER_APPICON_NAME = AppIcon;
				INFOPLIST_FILE = ReactiveCocoa/Info.plist;
				LD_RUNPATH_SEARCH_PATHS = "$(inherited) @executable_path/Frameworks";
				PRODUCT_BUNDLE_IDENTIFIER = xijiajiaoyu.ReactiveCocoa;
				PRODUCT_NAME = "$(TARGET_NAME)";
				USER_HEADER_SEARCH_PATHS = "$(PODS_ROOT)/**";
			};
			name = Release;
		};
/* End XCBuildConfiguration section */

/* Begin XCConfigurationList section */
		B62013CA1D59F10F0099DC8A /* Build configuration list for PBXProject "ReactiveCocoa" */ = {
			isa = XCConfigurationList;
			buildConfigurations = (
				B62013E41D59F10F0099DC8A /* Debug */,
				B62013E51D59F10F0099DC8A /* Release */,
			);
			defaultConfigurationIsVisible = 0;
			defaultConfigurationName = Release;
		};
		B62013E61D59F10F0099DC8A /* Build configuration list for PBXNativeTarget "ReactiveCocoa" */ = {
			isa = XCConfigurationList;
			buildConfigurations = (
				B62013E71D59F10F0099DC8A /* Debug */,
				B62013E81D59F10F0099DC8A /* Release */,
			);
			defaultConfigurationIsVisible = 0;
			defaultConfigurationName = Release;
		};
/* End XCConfigurationList section */
	};
	rootObject = B62013C71D59F10F0099DC8A /* Project object */;
}
